// !$*UTF8*$!
{
	archiveVersion = 1;
	classes = {
	};
	objectVersion = 50;
	objects = {

/* Begin PBXBuildFile section */
		5659D48822AC844D00DEBCD4 /* AppDelegate.swift in Sources */ = {isa = PBXBuildFile; fileRef = 5659D48722AC844D00DEBCD4 /* AppDelegate.swift */; };
		5659D48A22AC844D00DEBCD4 /* ViewController.swift in Sources */ = {isa = PBXBuildFile; fileRef = 5659D48922AC844D00DEBCD4 /* ViewController.swift */; };
		5659D48D22AC844D00DEBCD4 /* Main.storyboard in Resources */ = {isa = PBXBuildFile; fileRef = 5659D48B22AC844D00DEBCD4 /* Main.storyboard */; };
		5659D48F22AC844F00DEBCD4 /* Assets.xcassets in Resources */ = {isa = PBXBuildFile; fileRef = 5659D48E22AC844F00DEBCD4 /* Assets.xcassets */; };
		5659D49222AC844F00DEBCD4 /* LaunchScreen.storyboard in Resources */ = {isa = PBXBuildFile; fileRef = 5659D49022AC844F00DEBCD4 /* LaunchScreen.storyboard */; };
		5659D49A22AC879D00DEBCD4 /* Person.swift in Sources */ = {isa = PBXBuildFile; fileRef = 5659D49922AC879D00DEBCD4 /* Person.swift */; };
		5659D49C22AC93A700DEBCD4 /* PersonCollectionViewCell.swift in Sources */ = {isa = PBXBuildFile; fileRef = 5659D49B22AC93A700DEBCD4 /* PersonCollectionViewCell.swift */; };
		5659D49E22AC98C000DEBCD4 /* CardView.swift in Sources */ = {isa = PBXBuildFile; fileRef = 5659D49D22AC98C000DEBCD4 /* CardView.swift */; };
/* End PBXBuildFile section */

/* Begin PBXFileReference section */
		5659D48422AC844D00DEBCD4 /* MyLab.app */ = {isa = PBXFileReference; explicitFileType = wrapper.application; includeInIndex = 0; path = MyLab.app; sourceTree = BUILT_PRODUCTS_DIR; };
		5659D48722AC844D00DEBCD4 /* AppDelegate.swift */ = {isa = PBXFileReference; lastKnownFileType = sourcecode.swift; path = AppDelegate.swift; sourceTree = "<group>"; };
		5659D48922AC844D00DEBCD4 /* ViewController.swift */ = {isa = PBXFileReference; lastKnownFileType = sourcecode.swift; path = ViewController.swift; sourceTree = "<group>"; };
		5659D48C22AC844D00DEBCD4 /* Base */ = {isa = PBXFileReference; lastKnownFileType = file.storyboard; name = Base; path = Base.lproj/Main.storyboard; sourceTree = "<group>"; };
		5659D48E22AC844F00DEBCD4 /* Assets.xcassets */ = {isa = PBXFileReference; lastKnownFileType = folder.assetcatalog; path = Assets.xcassets; sourceTree = "<group>"; };
		5659D49122AC844F00DEBCD4 /* Base */ = {isa = PBXFileReference; lastKnownFileType = file.storyboard; name = Base; path = Base.lproj/LaunchScreen.storyboard; sourceTree = "<group>"; };
		5659D49322AC844F00DEBCD4 /* Info.plist */ = {isa = PBXFileReference; lastKnownFileType = text.plist.xml; path = Info.plist; sourceTree = "<group>"; };
		5659D49922AC879D00DEBCD4 /* Person.swift */ = {isa = PBXFileReference; lastKnownFileType = sourcecode.swift; path = Person.swift; sourceTree = "<group>"; };
		5659D49B22AC93A700DEBCD4 /* PersonCollectionViewCell.swift */ = {isa = PBXFileReference; lastKnownFileType = sourcecode.swift; path = PersonCollectionViewCell.swift; sourceTree = "<group>"; };
		5659D49D22AC98C000DEBCD4 /* CardView.swift */ = {isa = PBXFileReference; lastKnownFileType = sourcecode.swift; path = CardView.swift; sourceTree = "<group>"; };
/* End PBXFileReference section */

/* Begin PBXFrameworksBuildPhase section */
		5659D48122AC844D00DEBCD4 /* Frameworks */ = {
			isa = PBXFrameworksBuildPhase;
			buildActionMask = 2147483647;
			files = (
			);
			runOnlyForDeploymentPostprocessing = 0;
		};
/* End PBXFrameworksBuildPhase section */

/* Begin PBXGroup section */
		56251AA222AD4501009591DA /* CollectionView */ = {
			isa = PBXGroup;
			children = (
				5659D48922AC844D00DEBCD4 /* ViewController.swift */,
				5659D49B22AC93A700DEBCD4 /* PersonCollectionViewCell.swift */,
				5659D49922AC879D00DEBCD4 /* Person.swift */,
				5659D49D22AC98C000DEBCD4 /* CardView.swift */,
			);
			path = CollectionView;
			sourceTree = "<group>";
		};
		5659D47B22AC844D00DEBCD4 = {
			isa = PBXGroup;
			children = (
				5659D48622AC844D00DEBCD4 /* MyLab */,
				5659D48522AC844D00DEBCD4 /* Products */,
			);
			sourceTree = "<group>";
		};
		5659D48522AC844D00DEBCD4 /* Products */ = {
			isa = PBXGroup;
			children = (
				5659D48422AC844D00DEBCD4 /* MyLab.app */,
			);
			name = Products;
			sourceTree = "<group>";
		};
		5659D48622AC844D00DEBCD4 /* MyLab */ = {
			isa = PBXGroup;
			children = (
				5659D48722AC844D00DEBCD4 /* AppDelegate.swift */,
				56251AA222AD4501009591DA /* CollectionView */,
				5659D48B22AC844D00DEBCD4 /* Main.storyboard */,
				5659D48E22AC844F00DEBCD4 /* Assets.xcassets */,
				5659D49022AC844F00DEBCD4 /* LaunchScreen.storyboard */,
				5659D49322AC844F00DEBCD4 /* Info.plist */,
			);
			path = MyLab;
			sourceTree = "<group>";
		};
/* End PBXGroup section */

/* Begin PBXNativeTarget section */
		5659D48322AC844D00DEBCD4 /* MyLab */ = {
			isa = PBXNativeTarget;
			buildConfigurationList = 5659D49622AC844F00DEBCD4 /* Build configuration list for PBXNativeTarget "MyLab" */;
			buildPhases = (
				5659D48022AC844D00DEBCD4 /* Sources */,
				5659D48122AC844D00DEBCD4 /* Frameworks */,
				5659D48222AC844D00DEBCD4 /* Resources */,
			);
			buildRules = (
			);
			dependencies = (
			);
			name = MyLab;
			productName = MyLab;
			productReference = 5659D48422AC844D00DEBCD4 /* MyLab.app */;
			productType = "com.apple.product-type.application";
		};
/* End PBXNativeTarget section */

/* Begin PBXProject section */
		5659D47C22AC844D00DEBCD4 /* Project object */ = {
			isa = PBXProject;
			attributes = {
				LastSwiftUpdateCheck = 1020;
				LastUpgradeCheck = 1020;
				ORGANIZATIONNAME = "Iury Miguel";
				TargetAttributes = {
					5659D48322AC844D00DEBCD4 = {
						CreatedOnToolsVersion = 10.2.1;
					};
				};
			};
			buildConfigurationList = 5659D47F22AC844D00DEBCD4 /* Build configuration list for PBXProject "MyLab" */;
			compatibilityVersion = "Xcode 9.3";
			developmentRegion = en;
			hasScannedForEncodings = 0;
			knownRegions = (
				en,
				Base,
			);
			mainGroup = 5659D47B22AC844D00DEBCD4;
			productRefGroup = 5659D48522AC844D00DEBCD4 /* Products */;
			projectDirPath = "";
			projectRoot = "";
			targets = (
				5659D48322AC844D00DEBCD4 /* MyLab */,
			);
		};
/* End PBXProject section */

/* Begin PBXResourcesBuildPhase section */
		5659D48222AC844D00DEBCD4 /* Resources */ = {
			isa = PBXResourcesBuildPhase;
			buildActionMask = 2147483647;
			files = (
				5659D49222AC844F00DEBCD4 /* LaunchScreen.storyboard in Resources */,
				5659D48F22AC844F00DEBCD4 /* Assets.xcassets in Resources */,
				5659D48D22AC844D00DEBCD4 /* Main.storyboard in Resources */,
			);
			runOnlyForDeploymentPostprocessing = 0;
		};
/* End PBXResourcesBuildPhase section */

/* Begin PBXSourcesBuildPhase section */
		5659D48022AC844D00DEBCD4 /* Sources */ = {
			isa = PBXSourcesBuildPhase;
			buildActionMask = 2147483647;
			files = (
				5659D49A22AC879D00DEBCD4 /* Person.swift in Sources */,
				5659D48A22AC844D00DEBCD4 /* ViewController.swift in Sources */,
				5659D48822AC844D00DEBCD4 /* AppDelegate.swift in Sources */,
				5659D49C22AC93A700DEBCD4 /* PersonCollectionViewCell.swift in Sources */,
				5659D49E22AC98C000DEBCD4 /* CardView.swift in Sources */,
			);
			runOnlyForDeploymentPostprocessing = 0;
		};
/* End PBXSourcesBuildPhase section */

/* Begin PBXVariantGroup section */
		5659D48B22AC844D00DEBCD4 /* Main.storyboard */ = {
			isa = PBXVariantGroup;
			children = (
				5659D48C22AC844D00DEBCD4 /* Base */,
			);
			name = Main.storyboard;
			sourceTree = "<group>";
		};
		5659D49022AC844F00DEBCD4 /* LaunchScreen.storyboard */ = {
			isa = PBXVariantGroup;
			children = (
				5659D49122AC844F00DEBCD4 /* Base */,
			);
			name = LaunchScreen.storyboard;
			sourceTree = "<group>";
		};
/* End PBXVariantGroup section */

/* Begin XCBuildConfiguration section */
		5659D49422AC844F00DEBCD4 /* Debug */ = {
			isa = XCBuildConfiguration;
			buildSettings = {
				ALWAYS_SEARCH_USER_PATHS = NO;
				CLANG_ANALYZER_NONNULL = YES;
				CLANG_ANALYZER_NUMBER_OBJECT_CONVERSION = YES_AGGRESSIVE;
				CLANG_CXX_LANGUAGE_STANDARD = "gnu++14";
				CLANG_CXX_LIBRARY = "libc++";
				CLANG_ENABLE_MODULES = YES;
				CLANG_ENABLE_OBJC_ARC = YES;
				CLANG_ENABLE_OBJC_WEAK = YES;
				CLANG_WARN_BLOCK_CAPTURE_AUTORELEASING = YES;
				CLANG_WARN_BOOL_CONVERSION = YES;
				CLANG_WARN_COMMA = YES;
				CLANG_WARN_CONSTANT_CONVERSION = YES;
				CLANG_WARN_DEPRECATED_OBJC_IMPLEMENTATIONS = YES;
				CLANG_WARN_DIRECT_OBJC_ISA_USAGE = YES_ERROR;
				CLANG_WARN_DOCUMENTATION_COMMENTS = YES;
				CLANG_WARN_EMPTY_BODY = YES;
				CLANG_WARN_ENUM_CONVERSION = YES;
				CLANG_WARN_INFINITE_RECURSION = YES;
				CLANG_WARN_INT_CONVERSION = YES;
				CLANG_WARN_NON_LITERAL_NULL_CONVERSION = YES;
				CLANG_WARN_OBJC_IMPLICIT_RETAIN_SELF = YES;
				CLANG_WARN_OBJC_LITERAL_CONVERSION = YES;
				CLANG_WARN_OBJC_ROOT_CLASS = YES_ERROR;
				CLANG_WARN_RANGE_LOOP_ANALYSIS = YES;
				CLANG_WARN_STRICT_PROTOTYPES = YES;
				CLANG_WARN_SUSPICIOUS_MOVE = YES;
				CLANG_WARN_UNGUARDED_AVAILABILITY = YES_AGGRESSIVE;
				CLANG_WARN_UNREACHABLE_CODE = YES;
				CLANG_WARN__DUPLICATE_METHOD_MATCH = YES;
				CODE_SIGN_IDENTITY = "iPhone Developer";
				COPY_PHASE_STRIP = NO;
				DEBUG_INFORMATION_FORMAT = dwarf;
				ENABLE_STRICT_OBJC_MSGSEND = YES;
				ENABLE_TESTABILITY = YES;
				GCC_C_LANGUAGE_STANDARD = gnu11;
				GCC_DYNAMIC_NO_PIC = NO;
				GCC_NO_COMMON_BLOCKS = YES;
				GCC_OPTIMIZATION_LEVEL = 0;
				GCC_PREPROCESSOR_DEFINITIONS = (
					"DEBUG=1",
					"$(inherited)",
				);
				GCC_WARN_64_TO_32_BIT_CONVERSION = YES;
				GCC_WARN_ABOUT_RETURN_TYPE = YES_ERROR;
				GCC_WARN_UNDECLARED_SELECTOR = YES;
				GCC_WARN_UNINITIALIZED_AUTOS = YES_AGGRESSIVE;
				GCC_WARN_UNUSED_FUNCTION = YES;
				GCC_WARN_UNUSED_VARIABLE = YES;
				IPHONEOS_DEPLOYMENT_TARGET = 12.2;
				MTL_ENABLE_DEBUG_INFO = INCLUDE_SOURCE;
				MTL_FAST_MATH = YES;
				ONLY_ACTIVE_ARCH = YES;
				SDKROOT = iphoneos;
				SWIFT_ACTIVE_COMPILATION_CONDITIONS = DEBUG;
				SWIFT_OPTIMIZATION_LEVEL = "-Onone";
			};
			name = Debug;
		};
		5659D49522AC844F00DEBCD4 /* Release */ = {
			isa = XCBuildConfiguration;
			buildSettings = {
				ALWAYS_SEARCH_USER_PATHS = NO;
				CLANG_ANALYZER_NONNULL = YES;
				CLANG_ANALYZER_NUMBER_OBJECT_CONVERSION = YES_AGGRESSIVE;
				CLANG_CXX_LANGUAGE_STANDARD = "gnu++14";
				CLANG_CXX_LIBRARY = "libc++";
				CLANG_ENABLE_MODULES = YES;
				CLANG_ENABLE_OBJC_ARC = YES;
				CLANG_ENABLE_OBJC_WEAK = YES;
				CLANG_WARN_BLOCK_CAPTURE_AUTORELEASING = YES;
				CLANG_WARN_BOOL_CONVERSION = YES;
				CLANG_WARN_COMMA = YES;
				CLANG_WARN_CONSTANT_CONVERSION = YES;
				CLANG_WARN_DEPRECATED_OBJC_IMPLEMENTATIONS = YES;
				CLANG_WARN_DIRECT_OBJC_ISA_USAGE = YES_ERROR;
				CLANG_WARN_DOCUMENTATION_COMMENTS = YES;
				CLANG_WARN_EMPTY_BODY = YES;
				CLANG_WARN_ENUM_CONVERSION = YES;
				CLANG_WARN_INFINITE_RECURSION = YES;
				CLANG_WARN_INT_CONVERSION = YES;
				CLANG_WARN_NON_LITERAL_NULL_CONVERSION = YES;
				CLANG_WARN_OBJC_IMPLICIT_RETAIN_SELF = YES;
				CLANG_WARN_OBJC_LITERAL_CONVERSION = YES;
				CLANG_WARN_OBJC_ROOT_CLASS = YES_ERROR;
				CLANG_WARN_RANGE_LOOP_ANALYSIS = YES;
				CLANG_WARN_STRICT_PROTOTYPES = YES;
				CLANG_WARN_SUSPICIOUS_MOVE = YES;
				CLANG_WARN_UNGUARDED_AVAILABILITY = YES_AGGRESSIVE;
				CLANG_WARN_UNREACHABLE_CODE = YES;
				CLANG_WARN__DUPLICATE_METHOD_MATCH = YES;
				CODE_SIGN_IDENTITY = "iPhone Developer";
				COPY_PHASE_STRIP = NO;
				DEBUG_INFORMATION_FORMAT = "dwarf-with-dsym";
				ENABLE_NS_ASSERTIONS = NO;
				ENABLE_STRICT_OBJC_MSGSEND = YES;
				GCC_C_LANGUAGE_STANDARD = gnu11;
				GCC_NO_COMMON_BLOCKS = YES;
				GCC_WARN_64_TO_32_BIT_CONVERSION = YES;
				GCC_WARN_ABOUT_RETURN_TYPE = YES_ERROR;
				GCC_WARN_UNDECLARED_SELECTOR = YES;
				GCC_WARN_UNINITIALIZED_AUTOS = YES_AGGRESSIVE;
				GCC_WARN_UNUSED_FUNCTION = YES;
				GCC_WARN_UNUSED_VARIABLE = YES;
				IPHONEOS_DEPLOYMENT_TARGET = 12.2;
				MTL_ENABLE_DEBUG_INFO = NO;
				MTL_FAST_MATH = YES;
				SDKROOT = iphoneos;
				SWIFT_COMPILATION_MODE = wholemodule;
				SWIFT_OPTIMIZATION_LEVEL = "-O";
				VALIDATE_PRODUCT = YES;
			};
			name = Release;
		};
		5659D49722AC844F00DEBCD4 /* Debug */ = {
			isa = XCBuildConfiguration;
			buildSettings = {
				ASSETCATALOG_COMPILER_APPICON_NAME = AppIcon;
				CODE_SIGN_STYLE = Automatic;
				INFOPLIST_FILE = MyLab/Info.plist;
				LD_RUNPATH_SEARCH_PATHS = (
					"$(inherited)",
					"@executable_path/Frameworks",
				);
				PRODUCT_BUNDLE_IDENTIFIER = com.example.MyLab;
				PRODUCT_NAME = "$(TARGET_NAME)";
				SWIFT_VERSION = 5.0;
				TARGETED_DEVICE_FAMILY = "1,2";
			};
			name = Debug;
		};
		5659D49822AC844F00DEBCD4 /* Release */ = {
			isa = XCBuildConfiguration;
			buildSettings = {
				ASSETCATALOG_COMPILER_APPICON_NAME = AppIcon;
				CODE_SIGN_STYLE = Automatic;
				INFOPLIST_FILE = MyLab/Info.plist;
				LD_RUNPATH_SEARCH_PATHS = (
					"$(inherited)",
					"@executable_path/Frameworks",
				);
				PRODUCT_BUNDLE_IDENTIFIER = com.example.MyLab;
				PRODUCT_NAME = "$(TARGET_NAME)";
				SWIFT_VERSION = 5.0;
				TARGETED_DEVICE_FAMILY = "1,2";
			};
			name = Release;
		};
/* End XCBuildConfiguration section */

/* Begin XCConfigurationList section */
		5659D47F22AC844D00DEBCD4 /* Build configuration list for PBXProject "MyLab" */ = {
			isa = XCConfigurationList;
			buildConfigurations = (
				5659D49422AC844F00DEBCD4 /* Debug */,
				5659D49522AC844F00DEBCD4 /* Release */,
			);
			defaultConfigurationIsVisible = 0;
			defaultConfigurationName = Release;
		};
		5659D49622AC844F00DEBCD4 /* Build configuration list for PBXNativeTarget "MyLab" */ = {
			isa = XCConfigurationList;
			buildConfigurations = (
				5659D49722AC844F00DEBCD4 /* Debug */,
				5659D49822AC844F00DEBCD4 /* Release */,
			);
			defaultConfigurationIsVisible = 0;
			defaultConfigurationName = Release;
		};
/* End XCConfigurationList section */
	};
	rootObject = 5659D47C22AC844D00DEBCD4 /* Project object */;
}
